
Microsoft Visual Studio Solution File, Format Version 12.00
# Visual Studio Version 16
VisualStudioVersion = 16.0.31624.102
MinimumVisualStudioVersion = 10.0.40219.1
Project("{FAE04EC0-301F-11D3-BF4B-00C04F79EFBC}") = "Informacijos_saugumas_praktinis_3", "Informacijos_saugumas_praktinis_3\Informacijos_saugumas_praktinis_3.csproj", "{AC3FE9A5-B639-407E-90C5-CA64B99FB965}"
EndProject
Global
	GlobalSection(SolutionConfigurationPlatforms) = preSolution
		Debug|Any CPU = Debug|Any CPU
		Release|Any CPU = Release|Any CPU
	EndGlobalSection
	GlobalSection(ProjectConfigurationPlatforms) = postSolution
		{AC3FE9A5-B639-407E-90C5-CA64B99FB965}.Debug|Any CPU.ActiveCfg = Debug|Any CPU
		{AC3FE9A5-B639-407E-90C5-CA64B99FB965}.Debug|Any CPU.Build.0 = Debug|Any CPU
		{AC3FE9A5-B639-407E-90C5-CA64B99FB965}.Release|Any CPU.ActiveCfg = Release|Any CPU
		{AC3FE9A5-B639-407E-90C5-CA64B99FB965}.Release|Any CPU.Build.0 = Release|Any CPU
	EndGlobalSection
	GlobalSection(SolutionProperties) = preSolution
		HideSolutionNode = FALSE
	EndGlobalSection
	GlobalSection(ExtensibilityGlobals) = postSolution
		SolutionGuid = {7663540A-EE68-46AD-9858-C9E4C3D90CA5}
	EndGlobalSection
EndGlobal
